
Microsoft Visual Studio Solution File, Format Version 12.00
# Visual Studio 15
VisualStudioVersion = 15.0.28307.438
MinimumVisualStudioVersion = 10.0.40219.1
Project("{FAE04EC0-301F-11D3-BF4B-00C04F79EFBC}") = "DataBase", "DataBase\DataBase.csproj", "{89E0236D-49C8-4229-B3FC-194D7CB4C6D2}"
EndProject
Global
	GlobalSection(SolutionConfigurationPlatforms) = preSolution
		Debug|Any CPU = Debug|Any CPU
		Release|Any CPU = Release|Any CPU
	EndGlobalSection
	GlobalSection(ProjectConfigurationPlatforms) = postSolution
		{89E0236D-49C8-4229-B3FC-194D7CB4C6D2}.Debug|Any CPU.ActiveCfg = Debug|Any CPU
		{89E0236D-49C8-4229-B3FC-194D7CB4C6D2}.Debug|Any CPU.Build.0 = Debug|Any CPU
		{89E0236D-49C8-4229-B3FC-194D7CB4C6D2}.Release|Any CPU.ActiveCfg = Release|Any CPU
		{89E0236D-49C8-4229-B3FC-194D7CB4C6D2}.Release|Any CPU.Build.0 = Release|Any CPU
	EndGlobalSection
	GlobalSection(SolutionProperties) = preSolution
		HideSolutionNode = FALSE
	EndGlobalSection
	GlobalSection(ExtensibilityGlobals) = postSolution
		SolutionGuid = {F37C94DB-0B3E-4599-986A-94209FE57616}
	EndGlobalSection
EndGlobal
